<?xml version="1.0" encoding="utf-8"?>
<Project ToolsVersion="4.0" xmlns="http://schemas.microsoft.com/developer/msbuild/2003">
  <ItemGroup>
    <Filter Include="源文件">
      <UniqueIdentifier>{4FC737F1-C7A5-4376-A066-2A32D752A2FF}</UniqueIdentifier>
      <Extensions>cpp;c;cc;cxx;def;odl;idl;hpj;bat;asm;asmx</Extensions>
    </Filter>
    <Filter Include="头文件">
      <UniqueIdentifier>{93995380-89BD-4b04-88EB-625FBE52EBFB}</UniqueIdentifier>
      <Extensions>h;hh;hpp;hxx;hm;inl;inc;xsd</Extensions>
    </Filter>
    <Filter Include="资源文件">
      <UniqueIdentifier>{67DA6AB6-F800-4c08-8B7A-83BB121AAD01}</UniqueIdentifier>
      <Extensions>rc;ico;cur;bmp;dlg;rc2;rct;bin;rgs;gif;jpg;jpeg;jpe;resx;tiff;tif;png;wav;mfcribbon-ms</Extensions>
    </Filter>
  </ItemGroup>
  <ItemGroup>
    <Text Include="ReadMe.txt" />
  </ItemGroup>
  <ItemGroup>
    <ClInclude Include="TaskMgr.h">
      <Filter>头文件</Filter>
    </ClInclude>
    <ClInclude Include="TaskMgrDlg.h">
      <Filter>头文件</Filter>
    </ClInclude>
    <ClInclude Include="stdafx.h">
      <Filter>头文件</Filter>
    </ClInclude>
    <ClInclude Include="targetver.h">
      <Filter>头文件</Filter>
    </ClInclude>
    <ClInclude Include="Resource.h">
      <Filter>头文件</Filter>
    </ClInclude>
    <ClInclude Include="MyTabCtrl.h">
      <Filter>头文件</Filter>
    </ClInclude>
    <ClInclude Include="Dia_Details.h">
      <Filter>头文件</Filter>
    </ClInclude>
    <ClInclude Include="Dia_WinProcess.h">
      <Filter>头文件</Filter>
    </ClInclude>
    <ClInclude Include="Dia_Mod.h">
      <Filter>头文件</Filter>
    </ClInclude>
    <ClInclude Include="Dia_Thread.h">
      <Filter>头文件</Filter>
    </ClInclude>
    <ClInclude Include="Data.h">
      <Filter>头文件</Filter>
    </ClInclude>
    <ClInclude Include="Dia_Heap.h">
      <Filter>头文件</Filter>
    </ClInclude>
    <ClInclude Include="Dia_Status.h">
      <Filter>头文件</Filter>
    </ClInclude>
    <ClInclude Include="FileClean.h">
      <Filter>头文件</Filter>
    </ClInclude>
    <ClInclude Include="FileControl.h">
      <Filter>头文件</Filter>
    </ClInclude>
    <ClInclude Include="HistogramCtrl.h">
      <Filter>头文件</Filter>
    </ClInclude>
    <ClInclude Include="Dia_Ram.h">
      <Filter>头文件</Filter>
    </ClInclude>
    <ClInclude Include="Dia_Disk.h">
      <Filter>头文件</Filter>
    </ClInclude>
  </ItemGroup>
  <ItemGroup>
    <ClCompile Include="TaskMgr.cpp">
      <Filter>源文件</Filter>
    </ClCompile>
    <ClCompile Include="TaskMgrDlg.cpp">
      <Filter>源文件</Filter>
    </ClCompile>
    <ClCompile Include="stdafx.cpp">
      <Filter>源文件</Filter>
    </ClCompile>
    <ClCompile Include="MyTabCtrl.cpp">
      <Filter>源文件</Filter>
    </ClCompile>
    <ClCompile Include="Dia_Details.cpp">
      <Filter>源文件</Filter>
    </ClCompile>
    <ClCompile Include="Dia_WinProcess.cpp">
      <Filter>源文件</Filter>
    </ClCompile>
    <ClCompile Include="Dia_Mod.cpp">
      <Filter>源文件</Filter>
    </ClCompile>
    <ClCompile Include="Dia_Thread.cpp">
      <Filter>源文件</Filter>
    </ClCompile>
    <ClCompile Include="Dia_Heap.cpp">
      <Filter>源文件</Filter>
    </ClCompile>
    <ClCompile Include="Dia_Status.cpp">
      <Filter>源文件</Filter>
    </ClCompile>
    <ClCompile Include="FileClean.cpp">
      <Filter>源文件</Filter>
    </ClCompile>
    <ClCompile Include="FileControl.cpp">
      <Filter>源文件</Filter>
    </ClCompile>
    <ClCompile Include="HistogramCtrl.cpp">
      <Filter>源文件</Filter>
    </ClCompile>
    <ClCompile Include="Dia_Ram.cpp">
      <Filter>源文件</Filter>
    </ClCompile>
    <ClCompile Include="Dia_Disk.cpp">
      <Filter>源文件</Filter>
    </ClCompile>
  </ItemGroup>
  <ItemGroup>
    <ResourceCompile Include="TaskMgr.rc">
      <Filter>资源文件</Filter>
    </ResourceCompile>
  </ItemGroup>
  <ItemGroup>
    <None Include="res\TaskMgr.rc2">
      <Filter>资源文件</Filter>
    </None>
  </ItemGroup>
  <ItemGroup>
    <Image Include="res\TaskMgr.ico">
      <Filter>资源文件</Filter>
    </Image>
    <Image Include="Clear.ico">
      <Filter>资源文件</Filter>
    </Image>
    <Image Include="task_manager.ico">
      <Filter>资源文件</Filter>
    </Image>
  </ItemGroup>
</Project>